
Microsoft Visual Studio Solution File, Format Version 12.00
# Visual Studio Version 16
VisualStudioVersion = 16.0.31129.286
MinimumVisualStudioVersion = 10.0.40219.1
Project("{FAE04EC0-301F-11D3-BF4B-00C04F79EFBC}") = "BarelyGambling.API", "BarelyGambling.API\BarelyGambling.API.csproj", "{A1D7FCA3-D246-47B6-8FF3-65E4B2EB992D}"
EndProject
Project("{FAE04EC0-301F-11D3-BF4B-00C04F79EFBC}") = "BarelyGambling.Infrastructure", "BarelyGambling.Infrastructure\BarelyGambling.Infrastructure.csproj", "{4862FF34-4954-4157-919D-EDF2ED4F037A}"
EndProject
Project("{FAE04EC0-301F-11D3-BF4B-00C04F79EFBC}") = "BarelyGambling.Core", "BarelyGambling.Core\BarelyGambling.Core.csproj", "{83D7C343-06EC-4710-BC2F-A3F649496F88}"
EndProject
Global
	GlobalSection(SolutionConfigurationPlatforms) = preSolution
		Debug|Any CPU = Debug|Any CPU
		Release|Any CPU = Release|Any CPU
	EndGlobalSection
	GlobalSection(ProjectConfigurationPlatforms) = postSolution
		{A1D7FCA3-D246-47B6-8FF3-65E4B2EB992D}.Debug|Any CPU.ActiveCfg = Debug|Any CPU
		{A1D7FCA3-D246-47B6-8FF3-65E4B2EB992D}.Debug|Any CPU.Build.0 = Debug|Any CPU
		{A1D7FCA3-D246-47B6-8FF3-65E4B2EB992D}.Release|Any CPU.ActiveCfg = Release|Any CPU
		{A1D7FCA3-D246-47B6-8FF3-65E4B2EB992D}.Release|Any CPU.Build.0 = Release|Any CPU
		{4862FF34-4954-4157-919D-EDF2ED4F037A}.Debug|Any CPU.ActiveCfg = Debug|Any CPU
		{4862FF34-4954-4157-919D-EDF2ED4F037A}.Debug|Any CPU.Build.0 = Debug|Any CPU
		{4862FF34-4954-4157-919D-EDF2ED4F037A}.Release|Any CPU.ActiveCfg = Release|Any CPU
		{4862FF34-4954-4157-919D-EDF2ED4F037A}.Release|Any CPU.Build.0 = Release|Any CPU
		{83D7C343-06EC-4710-BC2F-A3F649496F88}.Debug|Any CPU.ActiveCfg = Debug|Any CPU
		{83D7C343-06EC-4710-BC2F-A3F649496F88}.Debug|Any CPU.Build.0 = Debug|Any CPU
		{83D7C343-06EC-4710-BC2F-A3F649496F88}.Release|Any CPU.ActiveCfg = Release|Any CPU
		{83D7C343-06EC-4710-BC2F-A3F649496F88}.Release|Any CPU.Build.0 = Release|Any CPU
	EndGlobalSection
	GlobalSection(SolutionProperties) = preSolution
		HideSolutionNode = FALSE
	EndGlobalSection
	GlobalSection(ExtensibilityGlobals) = postSolution
		SolutionGuid = {2EC4DD66-2E61-4CCE-B36C-0B70B364D7B8}
	EndGlobalSection
EndGlobal
